// !$*UTF8*$!
{
	archiveVersion = 1;
	classes = {
	};
	objectVersion = 46;
	objects = {

/* Begin PBXBuildFile section */
		A40E141C19C18376009B6540 /* Foundation.framework in Frameworks */ = {isa = PBXBuildFile; fileRef = A40E141B19C18376009B6540 /* Foundation.framework */; };
		A40E141E19C18376009B6540 /* CoreGraphics.framework in Frameworks */ = {isa = PBXBuildFile; fileRef = A40E141D19C18376009B6540 /* CoreGraphics.framework */; };
		A40E142019C18376009B6540 /* UIKit.framework in Frameworks */ = {isa = PBXBuildFile; fileRef = A40E141F19C18376009B6540 /* UIKit.framework */; };
		A40E142219C18376009B6540 /* GLKit.framework in Frameworks */ = {isa = PBXBuildFile; fileRef = A40E142119C18376009B6540 /* GLKit.framework */; };
		A40E142419C18377009B6540 /* OpenGLES.framework in Frameworks */ = {isa = PBXBuildFile; fileRef = A40E142319C18377009B6540 /* OpenGLES.framework */; };
		A40E142A19C18377009B6540 /* InfoPlist.strings in Resources */ = {isa = PBXBuildFile; fileRef = A40E142819C18377009B6540 /* InfoPlist.strings */; };
		A40E142C19C18377009B6540 /* main.m in Sources */ = {isa = PBXBuildFile; fileRef = A40E142B19C18377009B6540 /* main.m */; };
		A40E143019C18377009B6540 /* AppDelegate.m in Sources */ = {isa = PBXBuildFile; fileRef = A40E142F19C18377009B6540 /* AppDelegate.m */; };
		A40E143319C18377009B6540 /* Main_iPhone.storyboard in Resources */ = {isa = PBXBuildFile; fileRef = A40E143119C18377009B6540 /* Main_iPhone.storyboard */; };
		A40E143619C18377009B6540 /* Main_iPad.storyboard in Resources */ = {isa = PBXBuildFile; fileRef = A40E143419C18377009B6540 /* Main_iPad.storyboard */; };
		A40E143819C18377009B6540 /* Shader.fsh in Resources */ = {isa = PBXBuildFile; fileRef = A40E143719C18377009B6540 /* Shader.fsh */; };
		A40E143A19C18377009B6540 /* Shader.vsh in Resources */ = {isa = PBXBuildFile; fileRef = A40E143919C18377009B6540 /* Shader.vsh */; };
		A40E143D19C18377009B6540 /* ViewController.m in Sources */ = {isa = PBXBuildFile; fileRef = A40E143C19C18377009B6540 /* ViewController.m */; };
		A40E143F19C18377009B6540 /* Images.xcassets in Resources */ = {isa = PBXBuildFile; fileRef = A40E143E19C18377009B6540 /* Images.xcassets */; };
		A40E144619C18377009B6540 /* XCTest.framework in Frameworks */ = {isa = PBXBuildFile; fileRef = A40E144519C18377009B6540 /* XCTest.framework */; };
		A40E144719C18377009B6540 /* Foundation.framework in Frameworks */ = {isa = PBXBuildFile; fileRef = A40E141B19C18376009B6540 /* Foundation.framework */; };
		A40E144819C18377009B6540 /* UIKit.framework in Frameworks */ = {isa = PBXBuildFile; fileRef = A40E141F19C18376009B6540 /* UIKit.framework */; };
		A40E145019C18377009B6540 /* InfoPlist.strings in Resources */ = {isa = PBXBuildFile; fileRef = A40E144E19C18377009B6540 /* InfoPlist.strings */; };
		A40E145219C18377009B6540 /* openGLTests.m in Sources */ = {isa = PBXBuildFile; fileRef = A40E145119C18377009B6540 /* openGLTests.m */; };
/* End PBXBuildFile section */

/* Begin PBXContainerItemProxy section */
		A40E144919C18377009B6540 /* PBXContainerItemProxy */ = {
			isa = PBXContainerItemProxy;
			containerPortal = A40E141019C18376009B6540 /* Project object */;
			proxyType = 1;
			remoteGlobalIDString = A40E141719C18376009B6540;
			remoteInfo = openGL;
		};
/* End PBXContainerItemProxy section */

/* Begin PBXFileReference section */
		A40E141819C18376009B6540 /* openGL.app */ = {isa = PBXFileReference; explicitFileType = wrapper.application; includeInIndex = 0; path = openGL.app; sourceTree = BUILT_PRODUCTS_DIR; };
		A40E141B19C18376009B6540 /* Foundation.framework */ = {isa = PBXFileReference; lastKnownFileType = wrapper.framework; name = Foundation.framework; path = System/Library/Frameworks/Foundation.framework; sourceTree = SDKROOT; };
		A40E141D19C18376009B6540 /* CoreGraphics.framework */ = {isa = PBXFileReference; lastKnownFileType = wrapper.framework; name = CoreGraphics.framework; path = System/Library/Frameworks/CoreGraphics.framework; sourceTree = SDKROOT; };
		A40E141F19C18376009B6540 /* UIKit.framework */ = {isa = PBXFileReference; lastKnownFileType = wrapper.framework; name = UIKit.framework; path = System/Library/Frameworks/UIKit.framework; sourceTree = SDKROOT; };
		A40E142119C18376009B6540 /* GLKit.framework */ = {isa = PBXFileReference; lastKnownFileType = wrapper.framework; name = GLKit.framework; path = System/Library/Frameworks/GLKit.framework; sourceTree = SDKROOT; };
		A40E142319C18377009B6540 /* OpenGLES.framework */ = {isa = PBXFileReference; lastKnownFileType = wrapper.framework; name = OpenGLES.framework; path = System/Library/Frameworks/OpenGLES.framework; sourceTree = SDKROOT; };
		A40E142719C18377009B6540 /* openGL-Info.plist */ = {isa = PBXFileReference; lastKnownFileType = text.plist.xml; path = "openGL-Info.plist"; sourceTree = "<group>"; };
		A40E142919C18377009B6540 /* en */ = {isa = PBXFileReference; lastKnownFileType = text.plist.strings; name = en; path = en.lproj/InfoPlist.strings; sourceTree = "<group>"; };
		A40E142B19C18377009B6540 /* main.m */ = {isa = PBXFileReference; lastKnownFileType = sourcecode.c.objc; path = main.m; sourceTree = "<group>"; };
		A40E142D19C18377009B6540 /* openGL-Prefix.pch */ = {isa = PBXFileReference; lastKnownFileType = sourcecode.c.h; path = "openGL-Prefix.pch"; sourceTree = "<group>"; };
		A40E142E19C18377009B6540 /* AppDelegate.h */ = {isa = PBXFileReference; lastKnownFileType = sourcecode.c.h; path = AppDelegate.h; sourceTree = "<group>"; };
		A40E142F19C18377009B6540 /* AppDelegate.m */ = {isa = PBXFileReference; lastKnownFileType = sourcecode.c.objc; path = AppDelegate.m; sourceTree = "<group>"; };
		A40E143219C18377009B6540 /* Base */ = {isa = PBXFileReference; lastKnownFileType = file.storyboard; name = Base; path = Base.lproj/Main_iPhone.storyboard; sourceTree = "<group>"; };
		A40E143519C18377009B6540 /* Base */ = {isa = PBXFileReference; lastKnownFileType = file.storyboard; name = Base; path = Base.lproj/Main_iPad.storyboard; sourceTree = "<group>"; };
		A40E143719C18377009B6540 /* Shader.fsh */ = {isa = PBXFileReference; lastKnownFileType = sourcecode.glsl; name = Shader.fsh; path = Shaders/Shader.fsh; sourceTree = "<group>"; };
		A40E143919C18377009B6540 /* Shader.vsh */ = {isa = PBXFileReference; lastKnownFileType = sourcecode.glsl; name = Shader.vsh; path = Shaders/Shader.vsh; sourceTree = "<group>"; };
		A40E143B19C18377009B6540 /* ViewController.h */ = {isa = PBXFileReference; lastKnownFileType = sourcecode.c.h; path = ViewController.h; sourceTree = "<group>"; };
		A40E143C19C18377009B6540 /* ViewController.m */ = {isa = PBXFileReference; lastKnownFileType = sourcecode.c.objc; path = ViewController.m; sourceTree = "<group>"; };
		A40E143E19C18377009B6540 /* Images.xcassets */ = {isa = PBXFileReference; lastKnownFileType = folder.assetcatalog; path = Images.xcassets; sourceTree = "<group>"; };
		A40E144419C18377009B6540 /* openGLTests.xctest */ = {isa = PBXFileReference; explicitFileType = wrapper.cfbundle; includeInIndex = 0; path = openGLTests.xctest; sourceTree = BUILT_PRODUCTS_DIR; };
		A40E144519C18377009B6540 /* XCTest.framework */ = {isa = PBXFileReference; lastKnownFileType = wrapper.framework; name = XCTest.framework; path = Library/Frameworks/XCTest.framework; sourceTree = DEVELOPER_DIR; };
		A40E144D19C18377009B6540 /* openGLTests-Info.plist */ = {isa = PBXFileReference; lastKnownFileType = text.plist.xml; path = "openGLTests-Info.plist"; sourceTree = "<group>"; };
		A40E144F19C18377009B6540 /* en */ = {isa = PBXFileReference; lastKnownFileType = text.plist.strings; name = en; path = en.lproj/InfoPlist.strings; sourceTree = "<group>"; };
		A40E145119C18377009B6540 /* openGLTests.m */ = {isa = PBXFileReference; lastKnownFileType = sourcecode.c.objc; path = openGLTests.m; sourceTree = "<group>"; };
/* End PBXFileReference section */

/* Begin PBXFrameworksBuildPhase section */
		A40E141519C18376009B6540 /* Frameworks */ = {
			isa = PBXFrameworksBuildPhase;
			buildActionMask = 2147483647;
			files = (
				A40E142419C18377009B6540 /* OpenGLES.framework in Frameworks */,
				A40E141E19C18376009B6540 /* CoreGraphics.framework in Frameworks */,
				A40E142019C18376009B6540 /* UIKit.framework in Frameworks */,
				A40E142219C18376009B6540 /* GLKit.framework in Frameworks */,
				A40E141C19C18376009B6540 /* Foundation.framework in Frameworks */,
			);
			runOnlyForDeploymentPostprocessing = 0;
		};
		A40E144119C18377009B6540 /* Frameworks */ = {
			isa = PBXFrameworksBuildPhase;
			buildActionMask = 2147483647;
			files = (
				A40E144619C18377009B6540 /* XCTest.framework in Frameworks */,
				A40E144819C18377009B6540 /* UIKit.framework in Frameworks */,
				A40E144719C18377009B6540 /* Foundation.framework in Frameworks */,
			);
			runOnlyForDeploymentPostprocessing = 0;
		};
/* End PBXFrameworksBuildPhase section */

/* Begin PBXGroup section */
		A40E140F19C18376009B6540 = {
			isa = PBXGroup;
			children = (
				A40E142519C18377009B6540 /* openGL */,
				A40E144B19C18377009B6540 /* openGLTests */,
				A40E141A19C18376009B6540 /* Frameworks */,
				A40E141919C18376009B6540 /* Products */,
			);
			sourceTree = "<group>";
		};
		A40E141919C18376009B6540 /* Products */ = {
			isa = PBXGroup;
			children = (
				A40E141819C18376009B6540 /* openGL.app */,
				A40E144419C18377009B6540 /* openGLTests.xctest */,
			);
			name = Products;
			sourceTree = "<group>";
		};
		A40E141A19C18376009B6540 /* Frameworks */ = {
			isa = PBXGroup;
			children = (
				A40E141B19C18376009B6540 /* Foundation.framework */,
				A40E141D19C18376009B6540 /* CoreGraphics.framework */,
				A40E141F19C18376009B6540 /* UIKit.framework */,
				A40E142119C18376009B6540 /* GLKit.framework */,
				A40E142319C18377009B6540 /* OpenGLES.framework */,
				A40E144519C18377009B6540 /* XCTest.framework */,
			);
			name = Frameworks;
			sourceTree = "<group>";
		};
		A40E142519C18377009B6540 /* openGL */ = {
			isa = PBXGroup;
			children = (
				A40E142E19C18377009B6540 /* AppDelegate.h */,
				A40E142F19C18377009B6540 /* AppDelegate.m */,
				A40E143119C18377009B6540 /* Main_iPhone.storyboard */,
				A40E143419C18377009B6540 /* Main_iPad.storyboard */,
				A40E143719C18377009B6540 /* Shader.fsh */,
				A40E143919C18377009B6540 /* Shader.vsh */,
				A40E143B19C18377009B6540 /* ViewController.h */,
				A40E143C19C18377009B6540 /* ViewController.m */,
				A40E143E19C18377009B6540 /* Images.xcassets */,
				A40E142619C18377009B6540 /* Supporting Files */,
			);
			path = openGL;
			sourceTree = "<group>";
		};
		A40E142619C18377009B6540 /* Supporting Files */ = {
			isa = PBXGroup;
			children = (
				A40E142719C18377009B6540 /* openGL-Info.plist */,
				A40E142819C18377009B6540 /* InfoPlist.strings */,
				A40E142B19C18377009B6540 /* main.m */,
				A40E142D19C18377009B6540 /* openGL-Prefix.pch */,
			);
			name = "Supporting Files";
			sourceTree = "<group>";
		};
		A40E144B19C18377009B6540 /* openGLTests */ = {
			isa = PBXGroup;
			children = (
				A40E145119C18377009B6540 /* openGLTests.m */,
				A40E144C19C18377009B6540 /* Supporting Files */,
			);
			path = openGLTests;
			sourceTree = "<group>";
		};
		A40E144C19C18377009B6540 /* Supporting Files */ = {
			isa = PBXGroup;
			children = (
				A40E144D19C18377009B6540 /* openGLTests-Info.plist */,
				A40E144E19C18377009B6540 /* InfoPlist.strings */,
			);
			name = "Supporting Files";
			sourceTree = "<group>";
		};
/* End PBXGroup section */

/* Begin PBXNativeTarget section */
		A40E141719C18376009B6540 /* openGL */ = {
			isa = PBXNativeTarget;
			buildConfigurationList = A40E145519C18377009B6540 /* Build configuration list for PBXNativeTarget "openGL" */;
			buildPhases = (
				A40E141419C18376009B6540 /* Sources */,
				A40E141519C18376009B6540 /* Frameworks */,
				A40E141619C18376009B6540 /* Resources */,
			);
			buildRules = (
			);
			dependencies = (
			);
			name = openGL;
			productName = openGL;
			productReference = A40E141819C18376009B6540 /* openGL.app */;
			productType = "com.apple.product-type.application";
		};
		A40E144319C18377009B6540 /* openGLTests */ = {
			isa = PBXNativeTarget;
			buildConfigurationList = A40E145819C18377009B6540 /* Build configuration list for PBXNativeTarget "openGLTests" */;
			buildPhases = (
				A40E144019C18377009B6540 /* Sources */,
				A40E144119C18377009B6540 /* Frameworks */,
				A40E144219C18377009B6540 /* Resources */,
			);
			buildRules = (
			);
			dependencies = (
				A40E144A19C18377009B6540 /* PBXTargetDependency */,
			);
			name = openGLTests;
			productName = openGLTests;
			productReference = A40E144419C18377009B6540 /* openGLTests.xctest */;
			productType = "com.apple.product-type.bundle.unit-test";
		};
/* End PBXNativeTarget section */

/* Begin PBXProject section */
		A40E141019C18376009B6540 /* Project object */ = {
			isa = PBXProject;
			attributes = {
				LastUpgradeCheck = 0510;
				ORGANIZATIONNAME = jasper;
				TargetAttributes = {
					A40E144319C18377009B6540 = {
						TestTargetID = A40E141719C18376009B6540;
					};
				};
			};
			buildConfigurationList = A40E141319C18376009B6540 /* Build configuration list for PBXProject "openGL" */;
			compatibilityVersion = "Xcode 3.2";
			developmentRegion = English;
			hasScannedForEncodings = 0;
			knownRegions = (
				en,
				Base,
			);
			mainGroup = A40E140F19C18376009B6540;
			productRefGroup = A40E141919C18376009B6540 /* Products */;
			projectDirPath = "";
			projectRoot = "";
			targets = (
				A40E141719C18376009B6540 /* openGL */,
				A40E144319C18377009B6540 /* openGLTests */,
			);
		};
/* End PBXProject section */

/* Begin PBXResourcesBuildPhase section */
		A40E141619C18376009B6540 /* Resources */ = {
			isa = PBXResourcesBuildPhase;
			buildActionMask = 2147483647;
			files = (
				A40E143819C18377009B6540 /* Shader.fsh in Resources */,
				A40E143619C18377009B6540 /* Main_iPad.storyboard in Resources */,
				A40E143319C18377009B6540 /* Main_iPhone.storyboard in Resources */,
				A40E143F19C18377009B6540 /* Images.xcassets in Resources */,
				A40E142A19C18377009B6540 /* InfoPlist.strings in Resources */,
				A40E143A19C18377009B6540 /* Shader.vsh in Resources */,
			);
			runOnlyForDeploymentPostprocessing = 0;
		};
		A40E144219C18377009B6540 /* Resources */ = {
			isa = PBXResourcesBuildPhase;
			buildActionMask = 2147483647;
			files = (
				A40E145019C18377009B6540 /* InfoPlist.strings in Resources */,
			);
			runOnlyForDeploymentPostprocessing = 0;
		};
/* End PBXResourcesBuildPhase section */

/* Begin PBXSourcesBuildPhase section */
		A40E141419C18376009B6540 /* Sources */ = {
			isa = PBXSourcesBuildPhase;
			buildActionMask = 2147483647;
			files = (
				A40E143D19C18377009B6540 /* ViewController.m in Sources */,
				A40E143019C18377009B6540 /* AppDelegate.m in Sources */,
				A40E142C19C18377009B6540 /* main.m in Sources */,
			);
			runOnlyForDeploymentPostprocessing = 0;
		};
		A40E144019C18377009B6540 /* Sources */ = {
			isa = PBXSourcesBuildPhase;
			buildActionMask = 2147483647;
			files = (
				A40E145219C18377009B6540 /* openGLTests.m in Sources */,
			);
			runOnlyForDeploymentPostprocessing = 0;
		};
/* End PBXSourcesBuildPhase section */

/* Begin PBXTargetDependency section */
		A40E144A19C18377009B6540 /* PBXTargetDependency */ = {
			isa = PBXTargetDependency;
			target = A40E141719C18376009B6540 /* openGL */;
			targetProxy = A40E144919C18377009B6540 /* PBXContainerItemProxy */;
		};
/* End PBXTargetDependency section */

/* Begin PBXVariantGroup section */
		A40E142819C18377009B6540 /* InfoPlist.strings */ = {
			isa = PBXVariantGroup;
			children = (
				A40E142919C18377009B6540 /* en */,
			);
			name = InfoPlist.strings;
			sourceTree = "<group>";
		};
		A40E143119C18377009B6540 /* Main_iPhone.storyboard */ = {
			isa = PBXVariantGroup;
			children = (
				A40E143219C18377009B6540 /* Base */,
			);
			name = Main_iPhone.storyboard;
			sourceTree = "<group>";
		};
		A40E143419C18377009B6540 /* Main_iPad.storyboard */ = {
			isa = PBXVariantGroup;
			children = (
				A40E143519C18377009B6540 /* Base */,
			);
			name = Main_iPad.storyboard;
			sourceTree = "<group>";
		};
		A40E144E19C18377009B6540 /* InfoPlist.strings */ = {
			isa = PBXVariantGroup;
			children = (
				A40E144F19C18377009B6540 /* en */,
			);
			name = InfoPlist.strings;
			sourceTree = "<group>";
		};
/* End PBXVariantGroup section */

/* Begin XCBuildConfiguration section */
		A40E145319C18377009B6540 /* Debug */ = {
			isa = XCBuildConfiguration;
			buildSettings = {
				ALWAYS_SEARCH_USER_PATHS = NO;
				CLANG_CXX_LANGUAGE_STANDARD = "gnu++0x";
				CLANG_CXX_LIBRARY = "libc++";
				CLANG_ENABLE_MODULES = YES;
				CLANG_ENABLE_OBJC_ARC = YES;
				CLANG_WARN_BOOL_CONVERSION = YES;
				CLANG_WARN_CONSTANT_CONVERSION = YES;
				CLANG_WARN_DIRECT_OBJC_ISA_USAGE = YES_ERROR;
				CLANG_WARN_EMPTY_BODY = YES;
				CLANG_WARN_ENUM_CONVERSION = YES;
				CLANG_WARN_INT_CONVERSION = YES;
				CLANG_WARN_OBJC_ROOT_CLASS = YES_ERROR;
				CLANG_WARN__DUPLICATE_METHOD_MATCH = YES;
				"CODE_SIGN_IDENTITY[sdk=iphoneos*]" = "iPhone Developer";
				COPY_PHASE_STRIP = NO;
				GCC_C_LANGUAGE_STANDARD = gnu99;
				GCC_DYNAMIC_NO_PIC = NO;
				GCC_OPTIMIZATION_LEVEL = 0;
				GCC_PREPROCESSOR_DEFINITIONS = (
					"DEBUG=1",
					"$(inherited)",
				);
				GCC_SYMBOLS_PRIVATE_EXTERN = NO;
				GCC_WARN_64_TO_32_BIT_CONVERSION = YES;
				GCC_WARN_ABOUT_RETURN_TYPE = YES_ERROR;
				GCC_WARN_UNDECLARED_SELECTOR = YES;
				GCC_WARN_UNINITIALIZED_AUTOS = YES_AGGRESSIVE;
				GCC_WARN_UNUSED_FUNCTION = YES;
				GCC_WARN_UNUSED_VARIABLE = YES;
				IPHONEOS_DEPLOYMENT_TARGET = 7.1;
				ONLY_ACTIVE_ARCH = YES;
				SDKROOT = iphoneos;
				TARGETED_DEVICE_FAMILY = "1,2";
			};
			name = Debug;
		};
		A40E145419C18377009B6540 /* Release */ = {
			isa = XCBuildConfiguration;
			buildSettings = {
				ALWAYS_SEARCH_USER_PATHS = NO;
				CLANG_CXX_LANGUAGE_STANDARD = "gnu++0x";
				CLANG_CXX_LIBRARY = "libc++";
				CLANG_ENABLE_MODULES = YES;
				CLANG_ENABLE_OBJC_ARC = YES;
				CLANG_WARN_BOOL_CONVERSION = YES;
				CLANG_WARN_CONSTANT_CONVERSION = YES;
				CLANG_WARN_DIRECT_OBJC_ISA_USAGE = YES_ERROR;
				CLANG_WARN_EMPTY_BODY = YES;
				CLANG_WARN_ENUM_CONVERSION = YES;
				CLANG_WARN_INT_CONVERSION = YES;
				CLANG_WARN_OBJC_ROOT_CLASS = YES_ERROR;
				CLANG_WARN__DUPLICATE_METHOD_MATCH = YES;
				"CODE_SIGN_IDENTITY[sdk=iphoneos*]" = "iPhone Developer";
				COPY_PHASE_STRIP = YES;
				ENABLE_NS_ASSERTIONS = NO;
				GCC_C_LANGUAGE_STANDARD = gnu99;
				GCC_WARN_64_TO_32_BIT_CONVERSION = YES;
				GCC_WARN_ABOUT_RETURN_TYPE = YES_ERROR;
				GCC_WARN_UNDECLARED_SELECTOR = YES;
				GCC_WARN_UNINITIALIZED_AUTOS = YES_AGGRESSIVE;
				GCC_WARN_UNUSED_FUNCTION = YES;
				GCC_WARN_UNUSED_VARIABLE = YES;
				IPHONEOS_DEPLOYMENT_TARGET = 7.1;
				SDKROOT = iphoneos;
				TARGETED_DEVICE_FAMILY = "1,2";
				VALIDATE_PRODUCT = YES;
			};
			name = Release;
		};
		A40E145619C18377009B6540 /* Debug */ = {
			isa = XCBuildConfiguration;
			buildSettings = {
				ASSETCATALOG_COMPILER_APPICON_NAME = AppIcon;
				ASSETCATALOG_COMPILER_LAUNCHIMAGE_NAME = LaunchImage;
				GCC_PRECOMPILE_PREFIX_HEADER = YES;
				GCC_PREFIX_HEADER = "openGL/openGL-Prefix.pch";
				INFOPLIST_FILE = "openGL/openGL-Info.plist";
				PRODUCT_NAME = "$(TARGET_NAME)";
				WRAPPER_EXTENSION = app;
			};
			name = Debug;
		};
		A40E145719C18377009B6540 /* Release */ = {
			isa = XCBuildConfiguration;
			buildSettings = {
				ASSETCATALOG_COMPILER_APPICON_NAME = AppIcon;
				ASSETCATALOG_COMPILER_LAUNCHIMAGE_NAME = LaunchImage;
				GCC_PRECOMPILE_PREFIX_HEADER = YES;
				GCC_PREFIX_HEADER = "openGL/openGL-Prefix.pch";
				INFOPLIST_FILE = "openGL/openGL-Info.plist";
				PRODUCT_NAME = "$(TARGET_NAME)";
				WRAPPER_EXTENSION = app;
			};
			name = Release;
		};
		A40E145919C18377009B6540 /* Debug */ = {
			isa = XCBuildConfiguration;
			buildSettings = {
				BUNDLE_LOADER = "$(BUILT_PRODUCTS_DIR)/openGL.app/openGL";
				FRAMEWORK_SEARCH_PATHS = (
					"$(SDKROOT)/Developer/Library/Frameworks",
					"$(inherited)",
					"$(DEVELOPER_FRAMEWORKS_DIR)",
				);
				GCC_PRECOMPILE_PREFIX_HEADER = YES;
				GCC_PREFIX_HEADER = "openGL/openGL-Prefix.pch";
				GCC_PREPROCESSOR_DEFINITIONS = (
					"DEBUG=1",
					"$(inherited)",
				);
				INFOPLIST_FILE = "openGLTests/openGLTests-Info.plist";
				PRODUCT_NAME = "$(TARGET_NAME)";
				TEST_HOST = "$(BUNDLE_LOADER)";
				WRAPPER_EXTENSION = xctest;
			};
			name = Debug;
		};
		A40E145A19C18377009B6540 /* Release */ = {
			isa = XCBuildConfiguration;
			buildSettings = {
				BUNDLE_LOADER = "$(BUILT_PRODUCTS_DIR)/openGL.app/openGL";
				FRAMEWORK_SEARCH_PATHS = (
					"$(SDKROOT)/Developer/Library/Frameworks",
					"$(inherited)",
					"$(DEVELOPER_FRAMEWORKS_DIR)",
				);
				GCC_PRECOMPILE_PREFIX_HEADER = YES;
				GCC_PREFIX_HEADER = "openGL/openGL-Prefix.pch";
				INFOPLIST_FILE = "openGLTests/openGLTests-Info.plist";
				PRODUCT_NAME = "$(TARGET_NAME)";
				TEST_HOST = "$(BUNDLE_LOADER)";
				WRAPPER_EXTENSION = xctest;
			};
			name = Release;
		};
/* End XCBuildConfiguration section */

/* Begin XCConfigurationList section */
		A40E141319C18376009B6540 /* Build configuration list for PBXProject "openGL" */ = {
			isa = XCConfigurationList;
			buildConfigurations = (
				A40E145319C18377009B6540 /* Debug */,
				A40E145419C18377009B6540 /* Release */,
			);
			defaultConfigurationIsVisible = 0;
			defaultConfigurationName = Release;
		};
		A40E145519C18377009B6540 /* Build configuration list for PBXNativeTarget "openGL" */ = {
			isa = XCConfigurationList;
			buildConfigurations = (
				A40E145619C18377009B6540 /* Debug */,
				A40E145719C18377009B6540 /* Release */,
			);
			defaultConfigurationIsVisible = 0;
		};
		A40E145819C18377009B6540 /* Build configuration list for PBXNativeTarget "openGLTests" */ = {
			isa = XCConfigurationList;
			buildConfigurations = (
				A40E145919C18377009B6540 /* Debug */,
				A40E145A19C18377009B6540 /* Release */,
			);
			defaultConfigurationIsVisible = 0;
		};
/* End XCConfigurationList section */
	};
	rootObject = A40E141019C18376009B6540 /* Project object */;
}
